
Microsoft Visual Studio Solution File, Format Version 12.00
# Visual Studio 15
VisualStudioVersion = 15.0.27703.2042
MinimumVisualStudioVersion = 10.0.40219.1
Project("{FAE04EC0-301F-11D3-BF4B-00C04F79EFBC}") = "License", "License.csproj", "{9793FC53-CCA5-4633-8FA7-99F03ED5207B}"
EndProject
Global
	GlobalSection(SolutionConfigurationPlatforms) = preSolution
		Debug|Any CPU = Debug|Any CPU
		Release|Any CPU = Release|Any CPU
	EndGlobalSection
	GlobalSection(ProjectConfigurationPlatforms) = postSolution
		{9793FC53-CCA5-4633-8FA7-99F03ED5207B}.Debug|Any CPU.ActiveCfg = Debug|Any CPU
		{9793FC53-CCA5-4633-8FA7-99F03ED5207B}.Debug|Any CPU.Build.0 = Debug|Any CPU
		{9793FC53-CCA5-4633-8FA7-99F03ED5207B}.Release|Any CPU.ActiveCfg = Release|Any CPU
		{9793FC53-CCA5-4633-8FA7-99F03ED5207B}.Release|Any CPU.Build.0 = Release|Any CPU
	EndGlobalSection
	GlobalSection(SolutionProperties) = preSolution
		HideSolutionNode = FALSE
	EndGlobalSection
	GlobalSection(ExtensibilityGlobals) = postSolution
		SolutionGuid = {5D4B8FFF-7532-4F40-ABA7-009F4A23EA43}
	EndGlobalSection
EndGlobal
